# This file is automatically @generated by Cargo.
# It is not intended for manual editing.
version = 4

[[package]]
name = "tiny-varint"
version = "0.2.0"
dependencies = [
 "zigzag-rs",
]

[[package]]
name = "zigzag-rs"
version = "0.2.1"
source = "registry+https://github.com/rust-lang/crates.io-index"
checksum = "4be13092fdf7a0e970ca30ab3dd64d35e0f78bfd5b47c922648bd8945d6f43bb"
