# This file is automatically @generated by Cargo.
# It is not intended for manual editing.
version = 4

[[package]]
name = "tiny-varint"
version = "0.1.0"
dependencies = [
 "zigzag-rs",
]

[[package]]
name = "zigzag-rs"
version = "0.2.0"
source = "registry+https://github.com/rust-lang/crates.io-index"
checksum = "77601fc442009394ca5ed560abb821a6857d7340cc2b995c5afde5ebebb294e1"
